// !$*UTF8*$!
{
	archiveVersion = 1;
	classes = {
	};
	objectVersion = 50;
	objects = {

/* Begin PBXBuildFile section */
		5F6DB3C6DC87613824D11239 /* Pods_VehicleCheck.framework in Frameworks */ = {isa = PBXBuildFile; fileRef = 28D478B5F7E40790FFA93BE2 /* Pods_VehicleCheck.framework */; };
		BA372F672098A683001CAA76 /* AppDelegate.swift in Sources */ = {isa = PBXBuildFile; fileRef = BA372F662098A683001CAA76 /* AppDelegate.swift */; };
		BA372F6E2098A683001CAA76 /* Main.storyboard in Resources */ = {isa = PBXBuildFile; fileRef = BA372F6C2098A683001CAA76 /* Main.storyboard */; };
		BA372F702098A685001CAA76 /* Assets.xcassets in Resources */ = {isa = PBXBuildFile; fileRef = BA372F6F2098A685001CAA76 /* Assets.xcassets */; };
		BA372F732098A685001CAA76 /* LaunchScreen.storyboard in Resources */ = {isa = PBXBuildFile; fileRef = BA372F712098A685001CAA76 /* LaunchScreen.storyboard */; };
		BA372F7E2098A685001CAA76 /* VehicleCheckTests.swift in Sources */ = {isa = PBXBuildFile; fileRef = BA372F7D2098A685001CAA76 /* VehicleCheckTests.swift */; };
		BA372F8B2098A8C6001CAA76 /* VehicleCheckMasterViewController.swift in Sources */ = {isa = PBXBuildFile; fileRef = BA372F8A2098A8C6001CAA76 /* VehicleCheckMasterViewController.swift */; };
		BA372F8D2098A8CF001CAA76 /* VehicleCheckDetailViewController.swift in Sources */ = {isa = PBXBuildFile; fileRef = BA372F8C2098A8CF001CAA76 /* VehicleCheckDetailViewController.swift */; };
		BA372F8F2098A8E1001CAA76 /* SplitViewController.swift in Sources */ = {isa = PBXBuildFile; fileRef = BA372F8E2098A8E1001CAA76 /* SplitViewController.swift */; };
		BA372F912098A927001CAA76 /* VCMasterViewModel.swift in Sources */ = {isa = PBXBuildFile; fileRef = BA372F902098A927001CAA76 /* VCMasterViewModel.swift */; };
		BA372F932098A931001CAA76 /* VCDetailViewModel.swift in Sources */ = {isa = PBXBuildFile; fileRef = BA372F922098A931001CAA76 /* VCDetailViewModel.swift */; };
		BA372F952098A93D001CAA76 /* VCSplitViewModel.swift in Sources */ = {isa = PBXBuildFile; fileRef = BA372F942098A93D001CAA76 /* VCSplitViewModel.swift */; };
		BA372F972098A9C7001CAA76 /* NetworkingService.swift in Sources */ = {isa = PBXBuildFile; fileRef = BA372F962098A9C7001CAA76 /* NetworkingService.swift */; };
		BA372F9B2098AA04001CAA76 /* Leg.swift in Sources */ = {isa = PBXBuildFile; fileRef = BA372F9A2098AA04001CAA76 /* Leg.swift */; };
		BA372F9D2098AA58001CAA76 /* VehicleCheckModels.swift in Sources */ = {isa = PBXBuildFile; fileRef = BA372F9C2098AA58001CAA76 /* VehicleCheckModels.swift */; };
		BA372F9F2098AAC0001CAA76 /* VehicleCheckData.swift in Sources */ = {isa = PBXBuildFile; fileRef = BA372F9E2098AAC0001CAA76 /* VehicleCheckData.swift */; };
/* End PBXBuildFile section */

/* Begin PBXContainerItemProxy section */
		BA372F7A2098A685001CAA76 /* PBXContainerItemProxy */ = {
			isa = PBXContainerItemProxy;
			containerPortal = BA372F5B2098A683001CAA76 /* Project object */;
			proxyType = 1;
			remoteGlobalIDString = BA372F622098A683001CAA76;
			remoteInfo = VehicleCheck;
		};
/* End PBXContainerItemProxy section */

/* Begin PBXFileReference section */
		1B3A57FA5FF50E085E7FA0B5 /* Pods-VehicleCheck.release.xcconfig */ = {isa = PBXFileReference; includeInIndex = 1; lastKnownFileType = text.xcconfig; name = "Pods-VehicleCheck.release.xcconfig"; path = "Pods/Target Support Files/Pods-VehicleCheck/Pods-VehicleCheck.release.xcconfig"; sourceTree = "<group>"; };
		28D478B5F7E40790FFA93BE2 /* Pods_VehicleCheck.framework */ = {isa = PBXFileReference; explicitFileType = wrapper.framework; includeInIndex = 0; path = Pods_VehicleCheck.framework; sourceTree = BUILT_PRODUCTS_DIR; };
		84B70E66B195993F7B7A2BB9 /* Pods-VehicleCheck.debug.xcconfig */ = {isa = PBXFileReference; includeInIndex = 1; lastKnownFileType = text.xcconfig; name = "Pods-VehicleCheck.debug.xcconfig"; path = "Pods/Target Support Files/Pods-VehicleCheck/Pods-VehicleCheck.debug.xcconfig"; sourceTree = "<group>"; };
		BA372F632098A683001CAA76 /* VehicleCheck.app */ = {isa = PBXFileReference; explicitFileType = wrapper.application; includeInIndex = 0; path = VehicleCheck.app; sourceTree = BUILT_PRODUCTS_DIR; };
		BA372F662098A683001CAA76 /* AppDelegate.swift */ = {isa = PBXFileReference; lastKnownFileType = sourcecode.swift; path = AppDelegate.swift; sourceTree = "<group>"; };
		BA372F6D2098A683001CAA76 /* Base */ = {isa = PBXFileReference; lastKnownFileType = file.storyboard; name = Base; path = Base.lproj/Main.storyboard; sourceTree = "<group>"; };
		BA372F6F2098A685001CAA76 /* Assets.xcassets */ = {isa = PBXFileReference; lastKnownFileType = folder.assetcatalog; path = Assets.xcassets; sourceTree = "<group>"; };
		BA372F722098A685001CAA76 /* Base */ = {isa = PBXFileReference; lastKnownFileType = file.storyboard; name = Base; path = Base.lproj/LaunchScreen.storyboard; sourceTree = "<group>"; };
		BA372F742098A685001CAA76 /* Info.plist */ = {isa = PBXFileReference; lastKnownFileType = text.plist.xml; path = Info.plist; sourceTree = "<group>"; };
		BA372F792098A685001CAA76 /* VehicleCheckTests.xctest */ = {isa = PBXFileReference; explicitFileType = wrapper.cfbundle; includeInIndex = 0; path = VehicleCheckTests.xctest; sourceTree = BUILT_PRODUCTS_DIR; };
		BA372F7D2098A685001CAA76 /* VehicleCheckTests.swift */ = {isa = PBXFileReference; lastKnownFileType = sourcecode.swift; path = VehicleCheckTests.swift; sourceTree = "<group>"; };
		BA372F7F2098A685001CAA76 /* Info.plist */ = {isa = PBXFileReference; lastKnownFileType = text.plist.xml; path = Info.plist; sourceTree = "<group>"; };
		BA372F8A2098A8C6001CAA76 /* VehicleCheckMasterViewController.swift */ = {isa = PBXFileReference; lastKnownFileType = sourcecode.swift; path = VehicleCheckMasterViewController.swift; sourceTree = "<group>"; };
		BA372F8C2098A8CF001CAA76 /* VehicleCheckDetailViewController.swift */ = {isa = PBXFileReference; lastKnownFileType = sourcecode.swift; path = VehicleCheckDetailViewController.swift; sourceTree = "<group>"; };
		BA372F8E2098A8E1001CAA76 /* SplitViewController.swift */ = {isa = PBXFileReference; lastKnownFileType = sourcecode.swift; path = SplitViewController.swift; sourceTree = "<group>"; };
		BA372F902098A927001CAA76 /* VCMasterViewModel.swift */ = {isa = PBXFileReference; lastKnownFileType = sourcecode.swift; path = VCMasterViewModel.swift; sourceTree = "<group>"; };
		BA372F922098A931001CAA76 /* VCDetailViewModel.swift */ = {isa = PBXFileReference; lastKnownFileType = sourcecode.swift; path = VCDetailViewModel.swift; sourceTree = "<group>"; };
		BA372F942098A93D001CAA76 /* VCSplitViewModel.swift */ = {isa = PBXFileReference; lastKnownFileType = sourcecode.swift; path = VCSplitViewModel.swift; sourceTree = "<group>"; };
		BA372F962098A9C7001CAA76 /* NetworkingService.swift */ = {isa = PBXFileReference; lastKnownFileType = sourcecode.swift; path = NetworkingService.swift; sourceTree = "<group>"; };
		BA372F9A2098AA04001CAA76 /* Leg.swift */ = {isa = PBXFileReference; lastKnownFileType = sourcecode.swift; path = Leg.swift; sourceTree = "<group>"; };
		BA372F9C2098AA58001CAA76 /* VehicleCheckModels.swift */ = {isa = PBXFileReference; lastKnownFileType = sourcecode.swift; path = VehicleCheckModels.swift; sourceTree = "<group>"; };
		BA372F9E2098AAC0001CAA76 /* VehicleCheckData.swift */ = {isa = PBXFileReference; lastKnownFileType = sourcecode.swift; path = VehicleCheckData.swift; sourceTree = "<group>"; };
/* End PBXFileReference section */

/* Begin PBXFrameworksBuildPhase section */
		BA372F602098A683001CAA76 /* Frameworks */ = {
			isa = PBXFrameworksBuildPhase;
			buildActionMask = 2147483647;
			files = (
				5F6DB3C6DC87613824D11239 /* Pods_VehicleCheck.framework in Frameworks */,
			);
			runOnlyForDeploymentPostprocessing = 0;
		};
		BA372F762098A685001CAA76 /* Frameworks */ = {
			isa = PBXFrameworksBuildPhase;
			buildActionMask = 2147483647;
			files = (
			);
			runOnlyForDeploymentPostprocessing = 0;
		};
/* End PBXFrameworksBuildPhase section */

/* Begin PBXGroup section */
		0C2FAAA3FBC2095F04A80804 /* Frameworks */ = {
			isa = PBXGroup;
			children = (
				28D478B5F7E40790FFA93BE2 /* Pods_VehicleCheck.framework */,
			);
			name = Frameworks;
			sourceTree = "<group>";
		};
		563333D6E06F2D865513D11D /* Pods */ = {
			isa = PBXGroup;
			children = (
				84B70E66B195993F7B7A2BB9 /* Pods-VehicleCheck.debug.xcconfig */,
				1B3A57FA5FF50E085E7FA0B5 /* Pods-VehicleCheck.release.xcconfig */,
			);
			name = Pods;
			sourceTree = "<group>";
		};
		BA372F5A2098A683001CAA76 = {
			isa = PBXGroup;
			children = (
				BA372F652098A683001CAA76 /* VehicleCheck */,
				BA372F7C2098A685001CAA76 /* VehicleCheckTests */,
				BA372F642098A683001CAA76 /* Products */,
				563333D6E06F2D865513D11D /* Pods */,
				0C2FAAA3FBC2095F04A80804 /* Frameworks */,
			);
			sourceTree = "<group>";
		};
		BA372F642098A683001CAA76 /* Products */ = {
			isa = PBXGroup;
			children = (
				BA372F632098A683001CAA76 /* VehicleCheck.app */,
				BA372F792098A685001CAA76 /* VehicleCheckTests.xctest */,
			);
			name = Products;
			sourceTree = "<group>";
		};
		BA372F652098A683001CAA76 /* VehicleCheck */ = {
			isa = PBXGroup;
			children = (
				BA372F992098A9FC001CAA76 /* Model */,
				BA372F982098A9CE001CAA76 /* Service */,
				BA372F892098A8B2001CAA76 /* Controller */,
				BA372F882098A886001CAA76 /* View Models */,
				BA372F662098A683001CAA76 /* AppDelegate.swift */,
				BA372F6C2098A683001CAA76 /* Main.storyboard */,
				BA372F6F2098A685001CAA76 /* Assets.xcassets */,
				BA372F712098A685001CAA76 /* LaunchScreen.storyboard */,
				BA372F742098A685001CAA76 /* Info.plist */,
			);
			path = VehicleCheck;
			sourceTree = "<group>";
		};
		BA372F7C2098A685001CAA76 /* VehicleCheckTests */ = {
			isa = PBXGroup;
			children = (
				BA372F7D2098A685001CAA76 /* VehicleCheckTests.swift */,
				BA372F7F2098A685001CAA76 /* Info.plist */,
			);
			path = VehicleCheckTests;
			sourceTree = "<group>";
		};
		BA372F882098A886001CAA76 /* View Models */ = {
			isa = PBXGroup;
			children = (
				BA372F902098A927001CAA76 /* VCMasterViewModel.swift */,
				BA372F922098A931001CAA76 /* VCDetailViewModel.swift */,
				BA372F942098A93D001CAA76 /* VCSplitViewModel.swift */,
			);
			path = "View Models";
			sourceTree = "<group>";
		};
		BA372F892098A8B2001CAA76 /* Controller */ = {
			isa = PBXGroup;
			children = (
				BA372F8A2098A8C6001CAA76 /* VehicleCheckMasterViewController.swift */,
				BA372F8C2098A8CF001CAA76 /* VehicleCheckDetailViewController.swift */,
				BA372F8E2098A8E1001CAA76 /* SplitViewController.swift */,
			);
			path = Controller;
			sourceTree = "<group>";
		};
		BA372F982098A9CE001CAA76 /* Service */ = {
			isa = PBXGroup;
			children = (
				BA372F9E2098AAC0001CAA76 /* VehicleCheckData.swift */,
				BA372F962098A9C7001CAA76 /* NetworkingService.swift */,
			);
			path = Service;
			sourceTree = "<group>";
		};
		BA372F992098A9FC001CAA76 /* Model */ = {
			isa = PBXGroup;
			children = (
				BA372F9A2098AA04001CAA76 /* Leg.swift */,
				BA372F9C2098AA58001CAA76 /* VehicleCheckModels.swift */,
			);
			path = Model;
			sourceTree = "<group>";
		};
/* End PBXGroup section */

/* Begin PBXNativeTarget section */
		BA372F622098A683001CAA76 /* VehicleCheck */ = {
			isa = PBXNativeTarget;
			buildConfigurationList = BA372F822098A685001CAA76 /* Build configuration list for PBXNativeTarget "VehicleCheck" */;
			buildPhases = (
				2B09C0F8856D312FEED65212 /* [CP] Check Pods Manifest.lock */,
				BA372F5F2098A683001CAA76 /* Sources */,
				BA372F602098A683001CAA76 /* Frameworks */,
				BA372F612098A683001CAA76 /* Resources */,
				CB0332035E88838D26D820C8 /* [CP] Embed Pods Frameworks */,
			);
			buildRules = (
			);
			dependencies = (
			);
			name = VehicleCheck;
			productName = VehicleCheck;
			productReference = BA372F632098A683001CAA76 /* VehicleCheck.app */;
			productType = "com.apple.product-type.application";
		};
		BA372F782098A685001CAA76 /* VehicleCheckTests */ = {
			isa = PBXNativeTarget;
			buildConfigurationList = BA372F852098A685001CAA76 /* Build configuration list for PBXNativeTarget "VehicleCheckTests" */;
			buildPhases = (
				BA372F752098A685001CAA76 /* Sources */,
				BA372F762098A685001CAA76 /* Frameworks */,
				BA372F772098A685001CAA76 /* Resources */,
			);
			buildRules = (
			);
			dependencies = (
				BA372F7B2098A685001CAA76 /* PBXTargetDependency */,
			);
			name = VehicleCheckTests;
			productName = VehicleCheckTests;
			productReference = BA372F792098A685001CAA76 /* VehicleCheckTests.xctest */;
			productType = "com.apple.product-type.bundle.unit-test";
		};
/* End PBXNativeTarget section */

/* Begin PBXProject section */
		BA372F5B2098A683001CAA76 /* Project object */ = {
			isa = PBXProject;
			attributes = {
				LastSwiftUpdateCheck = 0930;
				LastUpgradeCheck = 0930;
				ORGANIZATIONNAME = io.pie.core;
				TargetAttributes = {
					BA372F622098A683001CAA76 = {
						CreatedOnToolsVersion = 9.3;
					};
					BA372F782098A685001CAA76 = {
						CreatedOnToolsVersion = 9.3;
						TestTargetID = BA372F622098A683001CAA76;
					};
				};
			};
			buildConfigurationList = BA372F5E2098A683001CAA76 /* Build configuration list for PBXProject "VehicleCheck" */;
			compatibilityVersion = "Xcode 9.3";
			developmentRegion = en;
			hasScannedForEncodings = 0;
			knownRegions = (
				en,
				Base,
			);
			mainGroup = BA372F5A2098A683001CAA76;
			productRefGroup = BA372F642098A683001CAA76 /* Products */;
			projectDirPath = "";
			projectRoot = "";
			targets = (
				BA372F622098A683001CAA76 /* VehicleCheck */,
				BA372F782098A685001CAA76 /* VehicleCheckTests */,
			);
		};
/* End PBXProject section */

/* Begin PBXResourcesBuildPhase section */
		BA372F612098A683001CAA76 /* Resources */ = {
			isa = PBXResourcesBuildPhase;
			buildActionMask = 2147483647;
			files = (
				BA372F732098A685001CAA76 /* LaunchScreen.storyboard in Resources */,
				BA372F702098A685001CAA76 /* Assets.xcassets in Resources */,
				BA372F6E2098A683001CAA76 /* Main.storyboard in Resources */,
			);
			runOnlyForDeploymentPostprocessing = 0;
		};
		BA372F772098A685001CAA76 /* Resources */ = {
			isa = PBXResourcesBuildPhase;
			buildActionMask = 2147483647;
			files = (
			);
			runOnlyForDeploymentPostprocessing = 0;
		};
/* End PBXResourcesBuildPhase section */

/* Begin PBXShellScriptBuildPhase section */
		2B09C0F8856D312FEED65212 /* [CP] Check Pods Manifest.lock */ = {
			isa = PBXShellScriptBuildPhase;
			buildActionMask = 2147483647;
			files = (
			);
			inputPaths = (
				"${PODS_PODFILE_DIR_PATH}/Podfile.lock",
				"${PODS_ROOT}/Manifest.lock",
			);
			name = "[CP] Check Pods Manifest.lock";
			outputPaths = (
				"$(DERIVED_FILE_DIR)/Pods-VehicleCheck-checkManifestLockResult.txt",
			);
			runOnlyForDeploymentPostprocessing = 0;
			shellPath = /bin/sh;
			shellScript = "diff \"${PODS_PODFILE_DIR_PATH}/Podfile.lock\" \"${PODS_ROOT}/Manifest.lock\" > /dev/null\nif [ $? != 0 ] ; then\n    # print error to STDERR\n    echo \"error: The sandbox is not in sync with the Podfile.lock. Run 'pod install' or update your CocoaPods installation.\" >&2\n    exit 1\nfi\n# This output is used by Xcode 'outputs' to avoid re-running this script phase.\necho \"SUCCESS\" > \"${SCRIPT_OUTPUT_FILE_0}\"\n";
			showEnvVarsInLog = 0;
		};
		CB0332035E88838D26D820C8 /* [CP] Embed Pods Frameworks */ = {
			isa = PBXShellScriptBuildPhase;
			buildActionMask = 2147483647;
			files = (
			);
			inputPaths = (
				"${SRCROOT}/Pods/Target Support Files/Pods-VehicleCheck/Pods-VehicleCheck-frameworks.sh",
				"${BUILT_PRODUCTS_DIR}/Action/Action.framework",
				"${BUILT_PRODUCTS_DIR}/RxCocoa/RxCocoa.framework",
				"${BUILT_PRODUCTS_DIR}/RxSwift/RxSwift.framework",
			);
			name = "[CP] Embed Pods Frameworks";
			outputPaths = (
				"${TARGET_BUILD_DIR}/${FRAMEWORKS_FOLDER_PATH}/Action.framework",
				"${TARGET_BUILD_DIR}/${FRAMEWORKS_FOLDER_PATH}/RxCocoa.framework",
				"${TARGET_BUILD_DIR}/${FRAMEWORKS_FOLDER_PATH}/RxSwift.framework",
			);
			runOnlyForDeploymentPostprocessing = 0;
			shellPath = /bin/sh;
			shellScript = "\"${SRCROOT}/Pods/Target Support Files/Pods-VehicleCheck/Pods-VehicleCheck-frameworks.sh\"\n";
			showEnvVarsInLog = 0;
		};
/* End PBXShellScriptBuildPhase section */

/* Begin PBXSourcesBuildPhase section */
		BA372F5F2098A683001CAA76 /* Sources */ = {
			isa = PBXSourcesBuildPhase;
			buildActionMask = 2147483647;
			files = (
				BA372F9B2098AA04001CAA76 /* Leg.swift in Sources */,
				BA372F912098A927001CAA76 /* VCMasterViewModel.swift in Sources */,
				BA372F8D2098A8CF001CAA76 /* VehicleCheckDetailViewController.swift in Sources */,
				BA372F9D2098AA58001CAA76 /* VehicleCheckModels.swift in Sources */,
				BA372F8B2098A8C6001CAA76 /* VehicleCheckMasterViewController.swift in Sources */,
				BA372F972098A9C7001CAA76 /* NetworkingService.swift in Sources */,
				BA372F672098A683001CAA76 /* AppDelegate.swift in Sources */,
				BA372F932098A931001CAA76 /* VCDetailViewModel.swift in Sources */,
				BA372F9F2098AAC0001CAA76 /* VehicleCheckData.swift in Sources */,
				BA372F952098A93D001CAA76 /* VCSplitViewModel.swift in Sources */,
				BA372F8F2098A8E1001CAA76 /* SplitViewController.swift in Sources */,
			);
			runOnlyForDeploymentPostprocessing = 0;
		};
		BA372F752098A685001CAA76 /* Sources */ = {
			isa = PBXSourcesBuildPhase;
			buildActionMask = 2147483647;
			files = (
				BA372F7E2098A685001CAA76 /* VehicleCheckTests.swift in Sources */,
			);
			runOnlyForDeploymentPostprocessing = 0;
		};
/* End PBXSourcesBuildPhase section */

/* Begin PBXTargetDependency section */
		BA372F7B2098A685001CAA76 /* PBXTargetDependency */ = {
			isa = PBXTargetDependency;
			target = BA372F622098A683001CAA76 /* VehicleCheck */;
			targetProxy = BA372F7A2098A685001CAA76 /* PBXContainerItemProxy */;
		};
/* End PBXTargetDependency section */

/* Begin PBXVariantGroup section */
		BA372F6C2098A683001CAA76 /* Main.storyboard */ = {
			isa = PBXVariantGroup;
			children = (
				BA372F6D2098A683001CAA76 /* Base */,
			);
			name = Main.storyboard;
			sourceTree = "<group>";
		};
		BA372F712098A685001CAA76 /* LaunchScreen.storyboard */ = {
			isa = PBXVariantGroup;
			children = (
				BA372F722098A685001CAA76 /* Base */,
			);
			name = LaunchScreen.storyboard;
			sourceTree = "<group>";
		};
/* End PBXVariantGroup section */

/* Begin XCBuildConfiguration section */
		BA372F802098A685001CAA76 /* Debug */ = {
			isa = XCBuildConfiguration;
			buildSettings = {
				ALWAYS_SEARCH_USER_PATHS = NO;
				CLANG_ANALYZER_NONNULL = YES;
				CLANG_ANALYZER_NUMBER_OBJECT_CONVERSION = YES_AGGRESSIVE;
				CLANG_CXX_LANGUAGE_STANDARD = "gnu++14";
				CLANG_CXX_LIBRARY = "libc++";
				CLANG_ENABLE_MODULES = YES;
				CLANG_ENABLE_OBJC_ARC = YES;
				CLANG_ENABLE_OBJC_WEAK = YES;
				CLANG_WARN_BLOCK_CAPTURE_AUTORELEASING = YES;
				CLANG_WARN_BOOL_CONVERSION = YES;
				CLANG_WARN_COMMA = YES;
				CLANG_WARN_CONSTANT_CONVERSION = YES;
				CLANG_WARN_DEPRECATED_OBJC_IMPLEMENTATIONS = YES;
				CLANG_WARN_DIRECT_OBJC_ISA_USAGE = YES_ERROR;
				CLANG_WARN_DOCUMENTATION_COMMENTS = YES;
				CLANG_WARN_EMPTY_BODY = YES;
				CLANG_WARN_ENUM_CONVERSION = YES;
				CLANG_WARN_INFINITE_RECURSION = YES;
				CLANG_WARN_INT_CONVERSION = YES;
				CLANG_WARN_NON_LITERAL_NULL_CONVERSION = YES;
				CLANG_WARN_OBJC_IMPLICIT_RETAIN_SELF = YES;
				CLANG_WARN_OBJC_LITERAL_CONVERSION = YES;
				CLANG_WARN_OBJC_ROOT_CLASS = YES_ERROR;
				CLANG_WARN_RANGE_LOOP_ANALYSIS = YES;
				CLANG_WARN_STRICT_PROTOTYPES = YES;
				CLANG_WARN_SUSPICIOUS_MOVE = YES;
				CLANG_WARN_UNGUARDED_AVAILABILITY = YES_AGGRESSIVE;
				CLANG_WARN_UNREACHABLE_CODE = YES;
				CLANG_WARN__DUPLICATE_METHOD_MATCH = YES;
				CODE_SIGN_IDENTITY = "iPhone Developer";
				COPY_PHASE_STRIP = NO;
				DEBUG_INFORMATION_FORMAT = dwarf;
				ENABLE_STRICT_OBJC_MSGSEND = YES;
				ENABLE_TESTABILITY = YES;
				GCC_C_LANGUAGE_STANDARD = gnu11;
				GCC_DYNAMIC_NO_PIC = NO;
				GCC_NO_COMMON_BLOCKS = YES;
				GCC_OPTIMIZATION_LEVEL = 0;
				GCC_PREPROCESSOR_DEFINITIONS = (
					"DEBUG=1",
					"$(inherited)",
				);
				GCC_WARN_64_TO_32_BIT_CONVERSION = YES;
				GCC_WARN_ABOUT_RETURN_TYPE = YES_ERROR;
				GCC_WARN_UNDECLARED_SELECTOR = YES;
				GCC_WARN_UNINITIALIZED_AUTOS = YES_AGGRESSIVE;
				GCC_WARN_UNUSED_FUNCTION = YES;
				GCC_WARN_UNUSED_VARIABLE = YES;
				IPHONEOS_DEPLOYMENT_TARGET = 11.3;
				MTL_ENABLE_DEBUG_INFO = YES;
				ONLY_ACTIVE_ARCH = YES;
				SDKROOT = iphoneos;
				SWIFT_ACTIVE_COMPILATION_CONDITIONS = DEBUG;
				SWIFT_OPTIMIZATION_LEVEL = "-Onone";
			};
			name = Debug;
		};
		BA372F812098A685001CAA76 /* Release */ = {
			isa = XCBuildConfiguration;
			buildSettings = {
				ALWAYS_SEARCH_USER_PATHS = NO;
				CLANG_ANALYZER_NONNULL = YES;
				CLANG_ANALYZER_NUMBER_OBJECT_CONVERSION = YES_AGGRESSIVE;
				CLANG_CXX_LANGUAGE_STANDARD = "gnu++14";
				CLANG_CXX_LIBRARY = "libc++";
				CLANG_ENABLE_MODULES = YES;
				CLANG_ENABLE_OBJC_ARC = YES;
				CLANG_ENABLE_OBJC_WEAK = YES;
				CLANG_WARN_BLOCK_CAPTURE_AUTORELEASING = YES;
				CLANG_WARN_BOOL_CONVERSION = YES;
				CLANG_WARN_COMMA = YES;
				CLANG_WARN_CONSTANT_CONVERSION = YES;
				CLANG_WARN_DEPRECATED_OBJC_IMPLEMENTATIONS = YES;
				CLANG_WARN_DIRECT_OBJC_ISA_USAGE = YES_ERROR;
				CLANG_WARN_DOCUMENTATION_COMMENTS = YES;
				CLANG_WARN_EMPTY_BODY = YES;
				CLANG_WARN_ENUM_CONVERSION = YES;
				CLANG_WARN_INFINITE_RECURSION = YES;
				CLANG_WARN_INT_CONVERSION = YES;
				CLANG_WARN_NON_LITERAL_NULL_CONVERSION = YES;
				CLANG_WARN_OBJC_IMPLICIT_RETAIN_SELF = YES;
				CLANG_WARN_OBJC_LITERAL_CONVERSION = YES;
				CLANG_WARN_OBJC_ROOT_CLASS = YES_ERROR;
				CLANG_WARN_RANGE_LOOP_ANALYSIS = YES;
				CLANG_WARN_STRICT_PROTOTYPES = YES;
				CLANG_WARN_SUSPICIOUS_MOVE = YES;
				CLANG_WARN_UNGUARDED_AVAILABILITY = YES_AGGRESSIVE;
				CLANG_WARN_UNREACHABLE_CODE = YES;
				CLANG_WARN__DUPLICATE_METHOD_MATCH = YES;
				CODE_SIGN_IDENTITY = "iPhone Developer";
				COPY_PHASE_STRIP = NO;
				DEBUG_INFORMATION_FORMAT = "dwarf-with-dsym";
				ENABLE_NS_ASSERTIONS = NO;
				ENABLE_STRICT_OBJC_MSGSEND = YES;
				GCC_C_LANGUAGE_STANDARD = gnu11;
				GCC_NO_COMMON_BLOCKS = YES;
				GCC_WARN_64_TO_32_BIT_CONVERSION = YES;
				GCC_WARN_ABOUT_RETURN_TYPE = YES_ERROR;
				GCC_WARN_UNDECLARED_SELECTOR = YES;
				GCC_WARN_UNINITIALIZED_AUTOS = YES_AGGRESSIVE;
				GCC_WARN_UNUSED_FUNCTION = YES;
				GCC_WARN_UNUSED_VARIABLE = YES;
				IPHONEOS_DEPLOYMENT_TARGET = 11.3;
				MTL_ENABLE_DEBUG_INFO = NO;
				SDKROOT = iphoneos;
				SWIFT_COMPILATION_MODE = wholemodule;
				SWIFT_OPTIMIZATION_LEVEL = "-O";
				VALIDATE_PRODUCT = YES;
			};
			name = Release;
		};
		BA372F832098A685001CAA76 /* Debug */ = {
			isa = XCBuildConfiguration;
			baseConfigurationReference = 84B70E66B195993F7B7A2BB9 /* Pods-VehicleCheck.debug.xcconfig */;
			buildSettings = {
				ASSETCATALOG_COMPILER_APPICON_NAME = AppIcon;
				CODE_SIGN_STYLE = Automatic;
				INFOPLIST_FILE = VehicleCheck/Info.plist;
				LD_RUNPATH_SEARCH_PATHS = (
					"$(inherited)",
					"@executable_path/Frameworks",
				);
				PRODUCT_BUNDLE_IDENTIFIER = io.pie.core.VehicleCheck;
				PRODUCT_NAME = "$(TARGET_NAME)";
				SWIFT_VERSION = 4.0;
				TARGETED_DEVICE_FAMILY = "1,2";
			};
			name = Debug;
		};
		BA372F842098A685001CAA76 /* Release */ = {
			isa = XCBuildConfiguration;
			baseConfigurationReference = 1B3A57FA5FF50E085E7FA0B5 /* Pods-VehicleCheck.release.xcconfig */;
			buildSettings = {
				ASSETCATALOG_COMPILER_APPICON_NAME = AppIcon;
				CODE_SIGN_STYLE = Automatic;
				INFOPLIST_FILE = VehicleCheck/Info.plist;
				LD_RUNPATH_SEARCH_PATHS = (
					"$(inherited)",
					"@executable_path/Frameworks",
				);
				PRODUCT_BUNDLE_IDENTIFIER = io.pie.core.VehicleCheck;
				PRODUCT_NAME = "$(TARGET_NAME)";
				SWIFT_VERSION = 4.0;
				TARGETED_DEVICE_FAMILY = "1,2";
			};
			name = Release;
		};
		BA372F862098A685001CAA76 /* Debug */ = {
			isa = XCBuildConfiguration;
			buildSettings = {
				ALWAYS_EMBED_SWIFT_STANDARD_LIBRARIES = YES;
				BUNDLE_LOADER = "$(TEST_HOST)";
				CODE_SIGN_STYLE = Automatic;
				INFOPLIST_FILE = VehicleCheckTests/Info.plist;
				LD_RUNPATH_SEARCH_PATHS = (
					"$(inherited)",
					"@executable_path/Frameworks",
					"@loader_path/Frameworks",
				);
				PRODUCT_BUNDLE_IDENTIFIER = io.pie.core.VehicleCheckTests;
				PRODUCT_NAME = "$(TARGET_NAME)";
				SWIFT_VERSION = 4.0;
				TARGETED_DEVICE_FAMILY = "1,2";
				TEST_HOST = "$(BUILT_PRODUCTS_DIR)/VehicleCheck.app/VehicleCheck";
			};
			name = Debug;
		};
		BA372F872098A685001CAA76 /* Release */ = {
			isa = XCBuildConfiguration;
			buildSettings = {
				ALWAYS_EMBED_SWIFT_STANDARD_LIBRARIES = YES;
				BUNDLE_LOADER = "$(TEST_HOST)";
				CODE_SIGN_STYLE = Automatic;
				INFOPLIST_FILE = VehicleCheckTests/Info.plist;
				LD_RUNPATH_SEARCH_PATHS = (
					"$(inherited)",
					"@executable_path/Frameworks",
					"@loader_path/Frameworks",
				);
				PRODUCT_BUNDLE_IDENTIFIER = io.pie.core.VehicleCheckTests;
				PRODUCT_NAME = "$(TARGET_NAME)";
				SWIFT_VERSION = 4.0;
				TARGETED_DEVICE_FAMILY = "1,2";
				TEST_HOST = "$(BUILT_PRODUCTS_DIR)/VehicleCheck.app/VehicleCheck";
			};
			name = Release;
		};
/* End XCBuildConfiguration section */

/* Begin XCConfigurationList section */
		BA372F5E2098A683001CAA76 /* Build configuration list for PBXProject "VehicleCheck" */ = {
			isa = XCConfigurationList;
			buildConfigurations = (
				BA372F802098A685001CAA76 /* Debug */,
				BA372F812098A685001CAA76 /* Release */,
			);
			defaultConfigurationIsVisible = 0;
			defaultConfigurationName = Release;
		};
		BA372F822098A685001CAA76 /* Build configuration list for PBXNativeTarget "VehicleCheck" */ = {
			isa = XCConfigurationList;
			buildConfigurations = (
				BA372F832098A685001CAA76 /* Debug */,
				BA372F842098A685001CAA76 /* Release */,
			);
			defaultConfigurationIsVisible = 0;
			defaultConfigurationName = Release;
		};
		BA372F852098A685001CAA76 /* Build configuration list for PBXNativeTarget "VehicleCheckTests" */ = {
			isa = XCConfigurationList;
			buildConfigurations = (
				BA372F862098A685001CAA76 /* Debug */,
				BA372F872098A685001CAA76 /* Release */,
			);
			defaultConfigurationIsVisible = 0;
			defaultConfigurationName = Release;
		};
/* End XCConfigurationList section */
	};
	rootObject = BA372F5B2098A683001CAA76 /* Project object */;
}
